// !$*UTF8*$!
{
	archiveVersion = 1;
	classes = {
	};
	objectVersion = 51;
	objects = {

/* Begin PBXBuildFile section */
		319A60A322E91DFD00AACF66 /* Stripe.framework in Frameworks */ = {isa = PBXBuildFile; fileRef = 319A60A222E91DFD00AACF66 /* Stripe.framework */; };
		319A60A622E920DC00AACF66 /* Alamofire.framework in Frameworks */ = {isa = PBXBuildFile; fileRef = 319A60A522E920DC00AACF66 /* Alamofire.framework */; };
		B61C995222B9B5E6004980FD /* AppDelegate.swift in Sources */ = {isa = PBXBuildFile; fileRef = B61C995122B9B5E6004980FD /* AppDelegate.swift */; };
		B61C995422B9B5E6004980FD /* ViewController.swift in Sources */ = {isa = PBXBuildFile; fileRef = B61C995322B9B5E6004980FD /* ViewController.swift */; };
		B61C995722B9B5E6004980FD /* Main.storyboard in Resources */ = {isa = PBXBuildFile; fileRef = B61C995522B9B5E6004980FD /* Main.storyboard */; };
		B61C995922B9B5E6004980FD /* Assets.xcassets in Resources */ = {isa = PBXBuildFile; fileRef = B61C995822B9B5E6004980FD /* Assets.xcassets */; };
		B61C995C22B9B5E6004980FD /* LaunchScreen.storyboard in Resources */ = {isa = PBXBuildFile; fileRef = B61C995A22B9B5E6004980FD /* LaunchScreen.storyboard */; };
		B677C17F22E77B12004AFFDA /* SettingsViewController.swift in Sources */ = {isa = PBXBuildFile; fileRef = B677C17522E77B11004AFFDA /* SettingsViewController.swift */; };
		B677C18022E77B12004AFFDA /* MyAPIClient.swift in Sources */ = {isa = PBXBuildFile; fileRef = B677C17622E77B12004AFFDA /* MyAPIClient.swift */; };
		B677C18122E77B12004AFFDA /* BrowseProductsViewController.swift in Sources */ = {isa = PBXBuildFile; fileRef = B677C17722E77B12004AFFDA /* BrowseProductsViewController.swift */; };
		B677C18222E77B12004AFFDA /* UIColor+Stripe.swift in Sources */ = {isa = PBXBuildFile; fileRef = B677C17822E77B12004AFFDA /* UIColor+Stripe.swift */; };
		B677C18322E77B12004AFFDA /* Buttons.swift in Sources */ = {isa = PBXBuildFile; fileRef = B677C17922E77B12004AFFDA /* Buttons.swift */; };
		B677C18422E77B12004AFFDA /* CheckoutViewController.swift in Sources */ = {isa = PBXBuildFile; fileRef = B677C17A22E77B12004AFFDA /* CheckoutViewController.swift */; };
		B677C18522E77B12004AFFDA /* CheckoutRowView.swift in Sources */ = {isa = PBXBuildFile; fileRef = B677C17B22E77B12004AFFDA /* CheckoutRowView.swift */; };
		B677C18622E77B12004AFFDA /* EmojiCheckoutCell.swift in Sources */ = {isa = PBXBuildFile; fileRef = B677C17C22E77B12004AFFDA /* EmojiCheckoutCell.swift */; };
		B677C18722E77B12004AFFDA /* PaymentContextFooterView.swift in Sources */ = {isa = PBXBuildFile; fileRef = B677C17D22E77B12004AFFDA /* PaymentContextFooterView.swift */; };
		B677C18822E77B12004AFFDA /* EmojiCell.swift in Sources */ = {isa = PBXBuildFile; fileRef = B677C17E22E77B12004AFFDA /* EmojiCell.swift */; };
/* End PBXBuildFile section */

/* Begin PBXFileReference section */
		319A60A222E91DFD00AACF66 /* Stripe.framework */ = {isa = PBXFileReference; lastKnownFileType = wrapper.framework; name = Stripe.framework; path = Carthage/Build/iOS/Stripe.framework; sourceTree = "<group>"; };
		319A60A522E920DC00AACF66 /* Alamofire.framework */ = {isa = PBXFileReference; lastKnownFileType = wrapper.framework; name = Alamofire.framework; path = Carthage/Build/iOS/Alamofire.framework; sourceTree = "<group>"; };
		B61C994E22B9B5E6004980FD /* Test.app */ = {isa = PBXFileReference; explicitFileType = wrapper.application; includeInIndex = 0; path = Test.app; sourceTree = BUILT_PRODUCTS_DIR; };
		B61C995122B9B5E6004980FD /* AppDelegate.swift */ = {isa = PBXFileReference; lastKnownFileType = sourcecode.swift; path = AppDelegate.swift; sourceTree = "<group>"; };
		B61C995322B9B5E6004980FD /* ViewController.swift */ = {isa = PBXFileReference; lastKnownFileType = sourcecode.swift; path = ViewController.swift; sourceTree = "<group>"; };
		B61C995622B9B5E6004980FD /* Base */ = {isa = PBXFileReference; lastKnownFileType = file.storyboard; name = Base; path = Base.lproj/Main.storyboard; sourceTree = "<group>"; };
		B61C995822B9B5E6004980FD /* Assets.xcassets */ = {isa = PBXFileReference; lastKnownFileType = folder.assetcatalog; path = Assets.xcassets; sourceTree = "<group>"; };
		B61C995B22B9B5E6004980FD /* Base */ = {isa = PBXFileReference; lastKnownFileType = file.storyboard; name = Base; path = Base.lproj/LaunchScreen.storyboard; sourceTree = "<group>"; };
		B61C995D22B9B5E6004980FD /* Info.plist */ = {isa = PBXFileReference; lastKnownFileType = text.plist.xml; path = Info.plist; sourceTree = "<group>"; };
		B677C17522E77B11004AFFDA /* SettingsViewController.swift */ = {isa = PBXFileReference; fileEncoding = 4; lastKnownFileType = sourcecode.swift; path = SettingsViewController.swift; sourceTree = "<group>"; };
		B677C17622E77B12004AFFDA /* MyAPIClient.swift */ = {isa = PBXFileReference; fileEncoding = 4; lastKnownFileType = sourcecode.swift; path = MyAPIClient.swift; sourceTree = "<group>"; };
		B677C17722E77B12004AFFDA /* BrowseProductsViewController.swift */ = {isa = PBXFileReference; fileEncoding = 4; lastKnownFileType = sourcecode.swift; path = BrowseProductsViewController.swift; sourceTree = "<group>"; };
		B677C17822E77B12004AFFDA /* UIColor+Stripe.swift */ = {isa = PBXFileReference; fileEncoding = 4; lastKnownFileType = sourcecode.swift; path = "UIColor+Stripe.swift"; sourceTree = "<group>"; };
		B677C17922E77B12004AFFDA /* Buttons.swift */ = {isa = PBXFileReference; fileEncoding = 4; lastKnownFileType = sourcecode.swift; path = Buttons.swift; sourceTree = "<group>"; };
		B677C17A22E77B12004AFFDA /* CheckoutViewController.swift */ = {isa = PBXFileReference; fileEncoding = 4; lastKnownFileType = sourcecode.swift; path = CheckoutViewController.swift; sourceTree = "<group>"; };
		B677C17B22E77B12004AFFDA /* CheckoutRowView.swift */ = {isa = PBXFileReference; fileEncoding = 4; lastKnownFileType = sourcecode.swift; path = CheckoutRowView.swift; sourceTree = "<group>"; };
		B677C17C22E77B12004AFFDA /* EmojiCheckoutCell.swift */ = {isa = PBXFileReference; fileEncoding = 4; lastKnownFileType = sourcecode.swift; path = EmojiCheckoutCell.swift; sourceTree = "<group>"; };
		B677C17D22E77B12004AFFDA /* PaymentContextFooterView.swift */ = {isa = PBXFileReference; fileEncoding = 4; lastKnownFileType = sourcecode.swift; path = PaymentContextFooterView.swift; sourceTree = "<group>"; };
		B677C17E22E77B12004AFFDA /* EmojiCell.swift */ = {isa = PBXFileReference; fileEncoding = 4; lastKnownFileType = sourcecode.swift; path = EmojiCell.swift; sourceTree = "<group>"; };
/* End PBXFileReference section */

/* Begin PBXFrameworksBuildPhase section */
		B61C994B22B9B5E6004980FD /* Frameworks */ = {
			isa = PBXFrameworksBuildPhase;
			buildActionMask = 2147483647;
			files = (
				319A60A322E91DFD00AACF66 /* Stripe.framework in Frameworks */,
				319A60A622E920DC00AACF66 /* Alamofire.framework in Frameworks */,
			);
			runOnlyForDeploymentPostprocessing = 0;
		};
/* End PBXFrameworksBuildPhase section */

/* Begin PBXGroup section */
		319A60A122E91DFD00AACF66 /* Frameworks */ = {
			isa = PBXGroup;
			children = (
				319A60A522E920DC00AACF66 /* Alamofire.framework */,
				319A60A222E91DFD00AACF66 /* Stripe.framework */,
			);
			name = Frameworks;
			sourceTree = "<group>";
		};
		B61C994522B9B5E6004980FD = {
			isa = PBXGroup;
			children = (
				B61C995022B9B5E6004980FD /* Test */,
				B61C994F22B9B5E6004980FD /* Products */,
				319A60A122E91DFD00AACF66 /* Frameworks */,
			);
			sourceTree = "<group>";
		};
		B61C994F22B9B5E6004980FD /* Products */ = {
			isa = PBXGroup;
			children = (
				B61C994E22B9B5E6004980FD /* Test.app */,
			);
			name = Products;
			sourceTree = "<group>";
		};
		B61C995022B9B5E6004980FD /* Test */ = {
			isa = PBXGroup;
			children = (
				B677C17722E77B12004AFFDA /* BrowseProductsViewController.swift */,
				B677C17922E77B12004AFFDA /* Buttons.swift */,
				B677C17B22E77B12004AFFDA /* CheckoutRowView.swift */,
				B677C17A22E77B12004AFFDA /* CheckoutViewController.swift */,
				B677C17E22E77B12004AFFDA /* EmojiCell.swift */,
				B677C17C22E77B12004AFFDA /* EmojiCheckoutCell.swift */,
				B677C17622E77B12004AFFDA /* MyAPIClient.swift */,
				B677C17D22E77B12004AFFDA /* PaymentContextFooterView.swift */,
				B677C17522E77B11004AFFDA /* SettingsViewController.swift */,
				B677C17822E77B12004AFFDA /* UIColor+Stripe.swift */,
				B61C995122B9B5E6004980FD /* AppDelegate.swift */,
				B61C995322B9B5E6004980FD /* ViewController.swift */,
				B61C995522B9B5E6004980FD /* Main.storyboard */,
				B61C995822B9B5E6004980FD /* Assets.xcassets */,
				B61C995A22B9B5E6004980FD /* LaunchScreen.storyboard */,
				B61C995D22B9B5E6004980FD /* Info.plist */,
			);
			path = Test;
			sourceTree = "<group>";
		};
/* End PBXGroup section */

/* Begin PBXNativeTarget section */
		B61C994D22B9B5E6004980FD /* Test */ = {
			isa = PBXNativeTarget;
			buildConfigurationList = B61C996022B9B5E6004980FD /* Build configuration list for PBXNativeTarget "Test" */;
			buildPhases = (
				B61C994A22B9B5E6004980FD /* Sources */,
				B61C994B22B9B5E6004980FD /* Frameworks */,
				B61C994C22B9B5E6004980FD /* Resources */,
				319A60A422E91E0900AACF66 /* ShellScript */,
			);
			buildRules = (
			);
			dependencies = (
			);
			name = Test;
			productName = Test;
			productReference = B61C994E22B9B5E6004980FD /* Test.app */;
			productType = "com.apple.product-type.application";
		};
/* End PBXNativeTarget section */

/* Begin PBXProject section */
		B61C994622B9B5E6004980FD /* Project object */ = {
			isa = PBXProject;
			attributes = {
				LastSwiftUpdateCheck = 1020;
				LastUpgradeCheck = 1020;
				ORGANIZATIONNAME = "Yuki Tokuhiro";
				TargetAttributes = {
					B61C994D22B9B5E6004980FD = {
						CreatedOnToolsVersion = 10.2.1;
					};
				};
			};
			buildConfigurationList = B61C994922B9B5E6004980FD /* Build configuration list for PBXProject "Test" */;
			compatibilityVersion = "Xcode 9.3";
			developmentRegion = en;
			hasScannedForEncodings = 0;
			knownRegions = (
				en,
				Base,
			);
			mainGroup = B61C994522B9B5E6004980FD;
			productRefGroup = B61C994F22B9B5E6004980FD /* Products */;
			projectDirPath = "";
			projectRoot = "";
			targets = (
				B61C994D22B9B5E6004980FD /* Test */,
			);
		};
/* End PBXProject section */

/* Begin PBXResourcesBuildPhase section */
		B61C994C22B9B5E6004980FD /* Resources */ = {
			isa = PBXResourcesBuildPhase;
			buildActionMask = 2147483647;
			files = (
				B61C995C22B9B5E6004980FD /* LaunchScreen.storyboard in Resources */,
				B61C995922B9B5E6004980FD /* Assets.xcassets in Resources */,
				B61C995722B9B5E6004980FD /* Main.storyboard in Resources */,
			);
			runOnlyForDeploymentPostprocessing = 0;
		};
/* End PBXResourcesBuildPhase section */

/* Begin PBXShellScriptBuildPhase section */
		319A60A422E91E0900AACF66 /* ShellScript */ = {
			isa = PBXShellScriptBuildPhase;
			buildActionMask = 2147483647;
			files = (
			);
			inputFileListPaths = (
				"$(SRCROOT)/input.xcfilelist",
			);
			inputPaths = (
			);
			outputFileListPaths = (
				"$(SRCROOT)/output.xcfilelist",
			);
			outputPaths = (
			);
			runOnlyForDeploymentPostprocessing = 0;
			shellPath = /bin/sh;
			shellScript = "# Type a script or drag a script file from your workspace to insert its path.\n/usr/local/bin/carthage copy-frameworks\n";
		};
/* End PBXShellScriptBuildPhase section */

/* Begin PBXSourcesBuildPhase section */
		B61C994A22B9B5E6004980FD /* Sources */ = {
			isa = PBXSourcesBuildPhase;
			buildActionMask = 2147483647;
			files = (
				B677C18322E77B12004AFFDA /* Buttons.swift in Sources */,
				B677C18522E77B12004AFFDA /* CheckoutRowView.swift in Sources */,
				B61C995422B9B5E6004980FD /* ViewController.swift in Sources */,
				B61C995222B9B5E6004980FD /* AppDelegate.swift in Sources */,
				B677C18622E77B12004AFFDA /* EmojiCheckoutCell.swift in Sources */,
				B677C17F22E77B12004AFFDA /* SettingsViewController.swift in Sources */,
				B677C18822E77B12004AFFDA /* EmojiCell.swift in Sources */,
				B677C18422E77B12004AFFDA /* CheckoutViewController.swift in Sources */,
				B677C18022E77B12004AFFDA /* MyAPIClient.swift in Sources */,
				B677C18222E77B12004AFFDA /* UIColor+Stripe.swift in Sources */,
				B677C18122E77B12004AFFDA /* BrowseProductsViewController.swift in Sources */,
				B677C18722E77B12004AFFDA /* PaymentContextFooterView.swift in Sources */,
			);
			runOnlyForDeploymentPostprocessing = 0;
		};
/* End PBXSourcesBuildPhase section */

/* Begin PBXVariantGroup section */
		B61C995522B9B5E6004980FD /* Main.storyboard */ = {
			isa = PBXVariantGroup;
			children = (
				B61C995622B9B5E6004980FD /* Base */,
			);
			name = Main.storyboard;
			sourceTree = "<group>";
		};
		B61C995A22B9B5E6004980FD /* LaunchScreen.storyboard */ = {
			isa = PBXVariantGroup;
			children = (
				B61C995B22B9B5E6004980FD /* Base */,
			);
			name = LaunchScreen.storyboard;
			sourceTree = "<group>";
		};
/* End PBXVariantGroup section */

/* Begin XCBuildConfiguration section */
		B61C995E22B9B5E6004980FD /* Debug */ = {
			isa = XCBuildConfiguration;
			buildSettings = {
				ALWAYS_SEARCH_USER_PATHS = NO;
				CLANG_ANALYZER_NONNULL = YES;
				CLANG_ANALYZER_NUMBER_OBJECT_CONVERSION = YES_AGGRESSIVE;
				CLANG_CXX_LANGUAGE_STANDARD = "gnu++14";
				CLANG_CXX_LIBRARY = "libc++";
				CLANG_ENABLE_MODULES = YES;
				CLANG_ENABLE_OBJC_ARC = YES;
				CLANG_ENABLE_OBJC_WEAK = YES;
				CLANG_WARN_BLOCK_CAPTURE_AUTORELEASING = YES;
				CLANG_WARN_BOOL_CONVERSION = YES;
				CLANG_WARN_COMMA = YES;
				CLANG_WARN_CONSTANT_CONVERSION = YES;
				CLANG_WARN_DEPRECATED_OBJC_IMPLEMENTATIONS = YES;
				CLANG_WARN_DIRECT_OBJC_ISA_USAGE = YES_ERROR;
				CLANG_WARN_DOCUMENTATION_COMMENTS = YES;
				CLANG_WARN_EMPTY_BODY = YES;
				CLANG_WARN_ENUM_CONVERSION = YES;
				CLANG_WARN_INFINITE_RECURSION = YES;
				CLANG_WARN_INT_CONVERSION = YES;
				CLANG_WARN_NON_LITERAL_NULL_CONVERSION = YES;
				CLANG_WARN_OBJC_IMPLICIT_RETAIN_SELF = YES;
				CLANG_WARN_OBJC_LITERAL_CONVERSION = YES;
				CLANG_WARN_OBJC_ROOT_CLASS = YES_ERROR;
				CLANG_WARN_RANGE_LOOP_ANALYSIS = YES;
				CLANG_WARN_STRICT_PROTOTYPES = YES;
				CLANG_WARN_SUSPICIOUS_MOVE = YES;
				CLANG_WARN_UNGUARDED_AVAILABILITY = YES_AGGRESSIVE;
				CLANG_WARN_UNREACHABLE_CODE = YES;
				CLANG_WARN__DUPLICATE_METHOD_MATCH = YES;
				CODE_SIGN_IDENTITY = "iPhone Developer";
				COPY_PHASE_STRIP = NO;
				DEBUG_INFORMATION_FORMAT = dwarf;
				ENABLE_STRICT_OBJC_MSGSEND = YES;
				ENABLE_TESTABILITY = YES;
				GCC_C_LANGUAGE_STANDARD = gnu11;
				GCC_DYNAMIC_NO_PIC = NO;
				GCC_NO_COMMON_BLOCKS = YES;
				GCC_OPTIMIZATION_LEVEL = 0;
				GCC_PREPROCESSOR_DEFINITIONS = (
					"DEBUG=1",
					"$(inherited)",
				);
				GCC_WARN_64_TO_32_BIT_CONVERSION = YES;
				GCC_WARN_ABOUT_RETURN_TYPE = YES_ERROR;
				GCC_WARN_UNDECLARED_SELECTOR = YES;
				GCC_WARN_UNINITIALIZED_AUTOS = YES_AGGRESSIVE;
				GCC_WARN_UNUSED_FUNCTION = YES;
				GCC_WARN_UNUSED_VARIABLE = YES;
				IPHONEOS_DEPLOYMENT_TARGET = 12.2;
				MTL_ENABLE_DEBUG_INFO = INCLUDE_SOURCE;
				MTL_FAST_MATH = YES;
				ONLY_ACTIVE_ARCH = YES;
				SDKROOT = iphoneos;
				SWIFT_ACTIVE_COMPILATION_CONDITIONS = DEBUG;
				SWIFT_OPTIMIZATION_LEVEL = "-Onone";
			};
			name = Debug;
		};
		B61C995F22B9B5E6004980FD /* Release */ = {
			isa = XCBuildConfiguration;
			buildSettings = {
				ALWAYS_SEARCH_USER_PATHS = NO;
				CLANG_ANALYZER_NONNULL = YES;
				CLANG_ANALYZER_NUMBER_OBJECT_CONVERSION = YES_AGGRESSIVE;
				CLANG_CXX_LANGUAGE_STANDARD = "gnu++14";
				CLANG_CXX_LIBRARY = "libc++";
				CLANG_ENABLE_MODULES = YES;
				CLANG_ENABLE_OBJC_ARC = YES;
				CLANG_ENABLE_OBJC_WEAK = YES;
				CLANG_WARN_BLOCK_CAPTURE_AUTORELEASING = YES;
				CLANG_WARN_BOOL_CONVERSION = YES;
				CLANG_WARN_COMMA = YES;
				CLANG_WARN_CONSTANT_CONVERSION = YES;
				CLANG_WARN_DEPRECATED_OBJC_IMPLEMENTATIONS = YES;
				CLANG_WARN_DIRECT_OBJC_ISA_USAGE = YES_ERROR;
				CLANG_WARN_DOCUMENTATION_COMMENTS = YES;
				CLANG_WARN_EMPTY_BODY = YES;
				CLANG_WARN_ENUM_CONVERSION = YES;
				CLANG_WARN_INFINITE_RECURSION = YES;
				CLANG_WARN_INT_CONVERSION = YES;
				CLANG_WARN_NON_LITERAL_NULL_CONVERSION = YES;
				CLANG_WARN_OBJC_IMPLICIT_RETAIN_SELF = YES;
				CLANG_WARN_OBJC_LITERAL_CONVERSION = YES;
				CLANG_WARN_OBJC_ROOT_CLASS = YES_ERROR;
				CLANG_WARN_RANGE_LOOP_ANALYSIS = YES;
				CLANG_WARN_STRICT_PROTOTYPES = YES;
				CLANG_WARN_SUSPICIOUS_MOVE = YES;
				CLANG_WARN_UNGUARDED_AVAILABILITY = YES_AGGRESSIVE;
				CLANG_WARN_UNREACHABLE_CODE = YES;
				CLANG_WARN__DUPLICATE_METHOD_MATCH = YES;
				CODE_SIGN_IDENTITY = "iPhone Developer";
				COPY_PHASE_STRIP = NO;
				DEBUG_INFORMATION_FORMAT = "dwarf-with-dsym";
				ENABLE_NS_ASSERTIONS = NO;
				ENABLE_STRICT_OBJC_MSGSEND = YES;
				GCC_C_LANGUAGE_STANDARD = gnu11;
				GCC_NO_COMMON_BLOCKS = YES;
				GCC_WARN_64_TO_32_BIT_CONVERSION = YES;
				GCC_WARN_ABOUT_RETURN_TYPE = YES_ERROR;
				GCC_WARN_UNDECLARED_SELECTOR = YES;
				GCC_WARN_UNINITIALIZED_AUTOS = YES_AGGRESSIVE;
				GCC_WARN_UNUSED_FUNCTION = YES;
				GCC_WARN_UNUSED_VARIABLE = YES;
				IPHONEOS_DEPLOYMENT_TARGET = 12.2;
				MTL_ENABLE_DEBUG_INFO = NO;
				MTL_FAST_MATH = YES;
				SDKROOT = iphoneos;
				SWIFT_COMPILATION_MODE = wholemodule;
				SWIFT_OPTIMIZATION_LEVEL = "-O";
				VALIDATE_PRODUCT = YES;
			};
			name = Release;
		};
		B61C996122B9B5E6004980FD /* Debug */ = {
			isa = XCBuildConfiguration;
			buildSettings = {
				ASSETCATALOG_COMPILER_APPICON_NAME = AppIcon;
				CODE_SIGN_STYLE = Automatic;
				DEVELOPMENT_TEAM = FN3AN9CHDF;
				FRAMEWORK_SEARCH_PATHS = (
					"$(inherited)",
					"$(PROJECT_DIR)/Carthage/Build/iOS",
				);
				INFOPLIST_FILE = Test/Info.plist;
				LD_RUNPATH_SEARCH_PATHS = (
					"$(inherited)",
					"@executable_path/Frameworks",
				);
				PRODUCT_BUNDLE_IDENTIFIER = example.Test;
				PRODUCT_NAME = "$(TARGET_NAME)";
				SWIFT_VERSION = 5.0;
				TARGETED_DEVICE_FAMILY = "1,2";
			};
			name = Debug;
		};
		B61C996222B9B5E6004980FD /* Release */ = {
			isa = XCBuildConfiguration;
			buildSettings = {
				ASSETCATALOG_COMPILER_APPICON_NAME = AppIcon;
				CODE_SIGN_STYLE = Automatic;
				DEVELOPMENT_TEAM = FN3AN9CHDF;
				FRAMEWORK_SEARCH_PATHS = (
					"$(inherited)",
					"$(PROJECT_DIR)/Carthage/Build/iOS",
				);
				INFOPLIST_FILE = Test/Info.plist;
				LD_RUNPATH_SEARCH_PATHS = (
					"$(inherited)",
					"@executable_path/Frameworks",
				);
				PRODUCT_BUNDLE_IDENTIFIER = example.Test;
				PRODUCT_NAME = "$(TARGET_NAME)";
				SWIFT_VERSION = 5.0;
				TARGETED_DEVICE_FAMILY = "1,2";
			};
			name = Release;
		};
/* End XCBuildConfiguration section */

/* Begin XCConfigurationList section */
		B61C994922B9B5E6004980FD /* Build configuration list for PBXProject "Test" */ = {
			isa = XCConfigurationList;
			buildConfigurations = (
				B61C995E22B9B5E6004980FD /* Debug */,
				B61C995F22B9B5E6004980FD /* Release */,
			);
			defaultConfigurationIsVisible = 0;
			defaultConfigurationName = Release;
		};
		B61C996022B9B5E6004980FD /* Build configuration list for PBXNativeTarget "Test" */ = {
			isa = XCConfigurationList;
			buildConfigurations = (
				B61C996122B9B5E6004980FD /* Debug */,
				B61C996222B9B5E6004980FD /* Release */,
			);
			defaultConfigurationIsVisible = 0;
			defaultConfigurationName = Release;
		};
/* End XCConfigurationList section */
	};
	rootObject = B61C994622B9B5E6004980FD /* Project object */;
}
